
Microsoft Visual Studio Solution File, Format Version 12.00
# Visual Studio 15
VisualStudioVersion = 15.0.27703.2035
MinimumVisualStudioVersion = 10.0.40219.1
Project("{FAE04EC0-301F-11D3-BF4B-00C04F79EFBC}") = "Serilog.Sinks.SendGridEmail", "Serilog.Sinks.SendGridEmail.csproj", "{404253EC-F804-4EC2-BA81-EE1CE284E9FF}"
EndProject
Global
	GlobalSection(SolutionConfigurationPlatforms) = preSolution
		Debug|Any CPU = Debug|Any CPU
		Release|Any CPU = Release|Any CPU
	EndGlobalSection
	GlobalSection(ProjectConfigurationPlatforms) = postSolution
		{404253EC-F804-4EC2-BA81-EE1CE284E9FF}.Debug|Any CPU.ActiveCfg = Debug|Any CPU
		{404253EC-F804-4EC2-BA81-EE1CE284E9FF}.Debug|Any CPU.Build.0 = Debug|Any CPU
		{404253EC-F804-4EC2-BA81-EE1CE284E9FF}.Release|Any CPU.ActiveCfg = Release|Any CPU
		{404253EC-F804-4EC2-BA81-EE1CE284E9FF}.Release|Any CPU.Build.0 = Release|Any CPU
	EndGlobalSection
	GlobalSection(SolutionProperties) = preSolution
		HideSolutionNode = FALSE
	EndGlobalSection
	GlobalSection(ExtensibilityGlobals) = postSolution
		SolutionGuid = {F5D11DF7-4F57-435A-A7D1-21331E51EC0F}
	EndGlobalSection
EndGlobal
